<?xml version="1.0" encoding="utf-8"?>
<!--
xmake version 3.0.4+master.b703ec328

  This file is auto generated by xmake.

  Please DO NOT EDIT since all your modification will lost after re-generation.
  See https://github.com/xmake-io/xmake/pull/472 for more infomation.
-->
<Project ToolsVersion="4.0" xmlns="http://schemas.microsoft.com/developer/msbuild/2003">
  <ItemGroup>
    <Filter Include="Properties">
      <UniqueIdentifier>{CC7C6180-942D-056E-3227-E6A2B3FB19CD}</UniqueIdentifier>
    </Filter>
    <Filter Include="src">
      <UniqueIdentifier>{491FBF00-292E-479F-8C8F-7A2AC045023A}</UniqueIdentifier>
    </Filter>
    <Filter Include="src\Server">
      <UniqueIdentifier>{1963D879-1842-4CD6-B94E-A0348157E78F}</UniqueIdentifier>
    </Filter>
    <Filter Include="src\Server\private">
      <UniqueIdentifier>{2E6AAB25-A0E0-4690-B5BB-30E6CB2EEA41}</UniqueIdentifier>
    </Filter>
    <Filter Include="src\Server\private\Core">
      <UniqueIdentifier>{E9EDC5C9-18CC-4E89-BFDC-DA67CEB1FBA6}</UniqueIdentifier>
    </Filter>
    <Filter Include="src\Server\private\Network">
      <UniqueIdentifier>{B7C957F7-96CF-40A8-BBD8-E321984CFEC2}</UniqueIdentifier>
    </Filter>
    <Filter Include="src\Server\private\Systems">
      <UniqueIdentifier>{13F2AB7B-8C27-49DB-9FD0-875EAEFB144E}</UniqueIdentifier>
    </Filter>
    <Filter Include="src\Server\public">
      <UniqueIdentifier>{61FC0B54-956B-4984-AFD1-A061C11B889B}</UniqueIdentifier>
    </Filter>
    <Filter Include="src\Server\public\Core">
      <UniqueIdentifier>{7771BE87-5A18-41E5-9D82-2C2F64E3D7B8}</UniqueIdentifier>
    </Filter>
    <Filter Include="src\Server\public\Network">
      <UniqueIdentifier>{F3DA42CA-7B9D-4CBC-B87E-9C0EA8356C90}</UniqueIdentifier>
    </Filter>
    <Filter Include="src\Server\public\Systems">
      <UniqueIdentifier>{B9197621-63B0-49E6-98EC-4BE485C07955}</UniqueIdentifier>
    </Filter>

  </ItemGroup>
  <ItemGroup>
    <None Include="$(MSBuildProjectDirectory)\Xmake.Custom.props">
      <Filter>Properties</Filter>
    </None>
    <None Include="$(MSBuildProjectDirectory)\Xmake.Custom.targets">
      <Filter>Properties</Filter>
    </None>
    <None Include="$(MSBuildProjectDirectory)\Xmake.Custom.items">
      <Filter>Properties</Filter>
    </None>
    <None Include="$(MSBuildProjectDirectory)\Xmake.Custom.items.filters">
      <Filter>Properties</Filter>
    </None>
    <None Include="$(XmakeScriptDir)\xmake.lua">
      <Filter>Properties</Filter>
    </None>
  </ItemGroup>
  <ItemGroup>
    <ClInclude Include="$(XmakeProjectDir)\src\Server\public\Core\CommandManager.h">
      <Filter>src\Server\public\Core</Filter>
    </ClInclude>
    <ClInclude Include="$(XmakeProjectDir)\src\Server\public\Core\GameServer.h">
      <Filter>src\Server\public\Core</Filter>
    </ClInclude>
    <ClInclude Include="$(XmakeProjectDir)\src\Server\public\Network\NetworkServer.h">
      <Filter>src\Server\public\Network</Filter>
    </ClInclude>
    <ClInclude Include="$(XmakeProjectDir)\src\Server\public\Systems\AuthenticationSystem.h">
      <Filter>src\Server\public\Systems</Filter>
    </ClInclude>
    <ClInclude Include="$(XmakeProjectDir)\src\Server\public\Systems\ChatSystem.h">
      <Filter>src\Server\public\Systems</Filter>
    </ClInclude>
    <ClInclude Include="$(XmakeProjectDir)\src\Server\public\Systems\IServerSystem.h">
      <Filter>src\Server\public\Systems</Filter>
    </ClInclude>
    <ClInclude Include="$(XmakeProjectDir)\src\Server\public\Systems\MiniGameSystem.h">
      <Filter>src\Server\public\Systems</Filter>
    </ClInclude>


  </ItemGroup>
  <ItemGroup>

    <ClCompile Include="$(XmakeProjectDir)\src\Server\private\Core\CommandManager.cpp">
      <Filter>src\Server\private\Core</Filter>
    </ClCompile>
    <ClCompile Include="$(XmakeProjectDir)\src\Server\private\Core\GameServer.cpp">
      <Filter>src\Server\private\Core</Filter>
    </ClCompile>
    <ClCompile Include="$(XmakeProjectDir)\src\Server\private\Core\ServerMain.cpp">
      <Filter>src\Server\private\Core</Filter>
    </ClCompile>
    <ClCompile Include="$(XmakeProjectDir)\src\Server\private\Network\NetworkServer.cpp">
      <Filter>src\Server\private\Network</Filter>
    </ClCompile>
    <ClCompile Include="$(XmakeProjectDir)\src\Server\private\Systems\AuthenticationSystem.cpp">
      <Filter>src\Server\private\Systems</Filter>
    </ClCompile>
    <ClCompile Include="$(XmakeProjectDir)\src\Server\private\Systems\ChatSystem.cpp">
      <Filter>src\Server\private\Systems</Filter>
    </ClCompile>
    <ClCompile Include="$(XmakeProjectDir)\src\Server\private\Systems\MiniGameSystem.cpp">
      <Filter>src\Server\private\Systems</Filter>
    </ClCompile>



  </ItemGroup>
  <ItemGroup>

  </ItemGroup>
  <ItemGroup>




  </ItemGroup>
  <Import Condition="Exists('$(MSBuildThisFileDirectory)\Xmake.Custom.files.filters')"
    Project="$(MSBuildThisFileDirectory)\Xmake.Custom.files.filters" />
</Project>
