<?xml version="1.0" encoding="utf-8"?>
<!--
xmake version 3.0.4+master.b703ec328

  This file is auto generated by xmake.

  Please DO NOT EDIT since all your modification will lost after re-generation.
  See https://github.com/xmake-io/xmake/pull/472 for more infomation.
-->
<Project ToolsVersion="4.0" xmlns="http://schemas.microsoft.com/developer/msbuild/2003">
  <ItemGroup>
    <Filter Include="Properties">
      <UniqueIdentifier>{CC7C6180-942D-056E-3227-E6A2B3FB19CD}</UniqueIdentifier>
    </Filter>
    <Filter Include="src">
      <UniqueIdentifier>{491FBF00-292E-479F-8C8F-7A2AC045023A}</UniqueIdentifier>
    </Filter>
    <Filter Include="src\Server">
      <UniqueIdentifier>{1963D879-1842-4CD6-B94E-A0348157E78F}</UniqueIdentifier>
    </Filter>
    <Filter Include="src\Server\private">
      <UniqueIdentifier>{2E6AAB25-A0E0-4690-B5BB-30E6CB2EEA41}</UniqueIdentifier>
    </Filter>
    <Filter Include="src\Server\public">
      <UniqueIdentifier>{61FC0B54-956B-4984-AFD1-A061C11B889B}</UniqueIdentifier>
    </Filter>

  </ItemGroup>
  <ItemGroup>
    <None Include="$(MSBuildProjectDirectory)\Xmake.Custom.props">
      <Filter>Properties</Filter>
    </None>
    <None Include="$(MSBuildProjectDirectory)\Xmake.Custom.targets">
      <Filter>Properties</Filter>
    </None>
    <None Include="$(MSBuildProjectDirectory)\Xmake.Custom.items">
      <Filter>Properties</Filter>
    </None>
    <None Include="$(MSBuildProjectDirectory)\Xmake.Custom.items.filters">
      <Filter>Properties</Filter>
    </None>
    <None Include="$(XmakeScriptDir)\xmake.lua">
      <Filter>Properties</Filter>
    </None>
  </ItemGroup>
  <ItemGroup>
    <ClInclude Include="$(XmakeProjectDir)\src\Server\public\GameServer.h">
      <Filter>src\Server\public</Filter>
    </ClInclude>
    <ClInclude Include="$(XmakeProjectDir)\src\Server\public\NetworkServer.h">
      <Filter>src\Server\public</Filter>
    </ClInclude>


  </ItemGroup>
  <ItemGroup>

    <ClCompile Include="$(XmakeProjectDir)\src\Server\ServerMain.cpp">
      <Filter>src\Server</Filter>
    </ClCompile>
    <ClCompile Include="$(XmakeProjectDir)\src\Server\private\GameServer.cpp">
      <Filter>src\Server\private</Filter>
    </ClCompile>
    <ClCompile Include="$(XmakeProjectDir)\src\Server\private\NetworkServer.cpp">
      <Filter>src\Server\private</Filter>
    </ClCompile>



  </ItemGroup>
  <ItemGroup>

  </ItemGroup>
  <ItemGroup>




  </ItemGroup>
  <Import Condition="Exists('$(MSBuildThisFileDirectory)\Xmake.Custom.files.filters')"
    Project="$(MSBuildThisFileDirectory)\Xmake.Custom.files.filters" />
</Project>
